
Microsoft Visual Studio Solution File, Format Version 12.00
# Visual Studio Version 17
VisualStudioVersion = 17.4.33403.182
MinimumVisualStudioVersion = 10.0.40219.1
Project("{FAE04EC0-301F-11D3-BF4B-00C04F79EFBC}") = "laboratorio3", "laboratorio3.csproj", "{FBEACBC3-494F-4A6B-BB07-C62DB37D03C5}"
EndProject
Global
	GlobalSection(SolutionConfigurationPlatforms) = preSolution
		Debug|Any CPU = Debug|Any CPU
		Release|Any CPU = Release|Any CPU
	EndGlobalSection
	GlobalSection(ProjectConfigurationPlatforms) = postSolution
		{FBEACBC3-494F-4A6B-BB07-C62DB37D03C5}.Debug|Any CPU.ActiveCfg = Debug|Any CPU
		{FBEACBC3-494F-4A6B-BB07-C62DB37D03C5}.Debug|Any CPU.Build.0 = Debug|Any CPU
		{FBEACBC3-494F-4A6B-BB07-C62DB37D03C5}.Release|Any CPU.ActiveCfg = Release|Any CPU
		{FBEACBC3-494F-4A6B-BB07-C62DB37D03C5}.Release|Any CPU.Build.0 = Release|Any CPU
	EndGlobalSection
	GlobalSection(SolutionProperties) = preSolution
		HideSolutionNode = FALSE
	EndGlobalSection
	GlobalSection(ExtensibilityGlobals) = postSolution
		SolutionGuid = {A2AEE62C-6308-46D8-ACF1-E869D456FB6B}
	EndGlobalSection
EndGlobal
